
Microsoft Visual Studio Solution File, Format Version 12.00
# Visual Studio 15
Project("{FAE04EC0-301F-11D3-BF4B-00C04F79EFBC}") = "ConfirmEnding", "ConfirmEnding\ConfirmEnding.csproj", "{29C47D39-C7B8-40D5-A7E0-DAECA65F4428}"
EndProject
Global
	GlobalSection(SolutionConfigurationPlatforms) = preSolution
		Debug|anycpu = Debug|anycpu
		Release|anycpu = Release|anycpu
	EndGlobalSection
	GlobalSection(ProjectConfigurationPlatforms) = postSolution
		{29C47D39-C7B8-40D5-A7E0-DAECA65F4428}.Debug|anycpu.ActiveCfg = Debug|anycpu
		{29C47D39-C7B8-40D5-A7E0-DAECA65F4428}.Debug|anycpu.Build.0 = Debug|anycpu
		{29C47D39-C7B8-40D5-A7E0-DAECA65F4428}.Release|anycpu.ActiveCfg = Release|anycpu
		{29C47D39-C7B8-40D5-A7E0-DAECA65F4428}.Release|anycpu.Build.0 = Release|anycpu
	EndGlobalSection
EndGlobal
