
Microsoft Visual Studio Solution File, Format Version 12.00
# Visual Studio 15
Project("{FAE04EC0-301F-11D3-BF4B-00C04F79EFBC}") = "MOSH_67e", "MOSH_67e\MOSH_67e.csproj", "{6675716A-7075-405F-B671-975CF3D4661F}"
EndProject
Global
	GlobalSection(SolutionConfigurationPlatforms) = preSolution
		Debug|anycpu = Debug|anycpu
		Release|anycpu = Release|anycpu
	EndGlobalSection
	GlobalSection(ProjectConfigurationPlatforms) = postSolution
		{6675716A-7075-405F-B671-975CF3D4661F}.Debug|anycpu.ActiveCfg = Debug|anycpu
		{6675716A-7075-405F-B671-975CF3D4661F}.Debug|anycpu.Build.0 = Debug|anycpu
		{6675716A-7075-405F-B671-975CF3D4661F}.Release|anycpu.ActiveCfg = Release|anycpu
		{6675716A-7075-405F-B671-975CF3D4661F}.Release|anycpu.Build.0 = Release|anycpu
	EndGlobalSection
EndGlobal
